
Microsoft Visual Studio Solution File, Format Version 12.00
# Visual Studio Version 17
VisualStudioVersion = 17.10.35013.160
MinimumVisualStudioVersion = 10.0.40219.1
Project("{FAE04EC0-301F-11D3-BF4B-00C04F79EFBC}") = "Biblioteca_123", "Biblioteca_123\Biblioteca_123.csproj", "{E5E3C158-AA6B-49A8-B500-3AA5D5A1FDDC}"
EndProject
Global
	GlobalSection(SolutionConfigurationPlatforms) = preSolution
		Debug|Any CPU = Debug|Any CPU
		Release|Any CPU = Release|Any CPU
	EndGlobalSection
	GlobalSection(ProjectConfigurationPlatforms) = postSolution
		{E5E3C158-AA6B-49A8-B500-3AA5D5A1FDDC}.Debug|Any CPU.ActiveCfg = Debug|Any CPU
		{E5E3C158-AA6B-49A8-B500-3AA5D5A1FDDC}.Debug|Any CPU.Build.0 = Debug|Any CPU
		{E5E3C158-AA6B-49A8-B500-3AA5D5A1FDDC}.Release|Any CPU.ActiveCfg = Release|Any CPU
		{E5E3C158-AA6B-49A8-B500-3AA5D5A1FDDC}.Release|Any CPU.Build.0 = Release|Any CPU
	EndGlobalSection
	GlobalSection(SolutionProperties) = preSolution
		HideSolutionNode = FALSE
	EndGlobalSection
	GlobalSection(ExtensibilityGlobals) = postSolution
		SolutionGuid = {9BC3BA30-8E95-4D95-A957-6DE6ABEE2EBD}
	EndGlobalSection
EndGlobal
